# THIS IS AN AUTOGENERATED FILE. DO NOT EDIT THIS FILE DIRECTLY.
# yarn lockfile v1


better-sqlite3@^4.1.0:
  version "4.1.0"
  resolved "http://registry.npm.taobao.org/better-sqlite3/download/better-sqlite3-4.1.0.tgz#1dbb0b13b280ce1eebebad431502deb08b78941e"
  dependencies:
    bindings "^1.3.0"
    integer "^1.0.3"
    lzz-gyp "^0.4.2"

bindings@^1.3.0:
  version "1.3.0"
  resolved "http://registry.npm.taobao.org/bindings/download/bindings-1.3.0.tgz#b346f6ecf6a95f5a815c5839fc7cdb22502f1ed7"

integer@^1.0.3:
  version "1.0.3"
  resolved "http://registry.npm.taobao.org/integer/download/integer-1.0.3.tgz#6e6403896de6781c50974c5adf9eea9bb0ce6acb"
  dependencies:
    bindings "^1.3.0"

lodash@^4.17.10:
  version "4.17.10"
  resolved "http://registry.npm.taobao.org/lodash/download/lodash-4.17.10.tgz#1b7793cf7259ea38fb3661d4d38b3260af8ae4e7"

lzz-gyp@^0.4.2:
  version "0.4.2"
  resolved "http://registry.npm.taobao.org/lzz-gyp/download/lzz-gyp-0.4.2.tgz#495c44034a1f50c48a60f0ef9c28d42763a5b297"
